<?xml version="1.0" encoding="utf-8"?>
<Project ToolsVersion="4.0" xmlns="http://schemas.microsoft.com/developer/msbuild/2003">
  <ItemGroup>
    <Filter Include="src">
      <UniqueIdentifier>{4FC737F1-C7A5-4376-A066-2A32D752A2FF}</UniqueIdentifier>
      <Extensions>cpp;c;cc;cxx;def;odl;idl;hpj;bat;asm;asmx</Extensions>
    </Filter>
    <Filter Include="include">
      <UniqueIdentifier>{93995380-89BD-4b04-88EB-625FBE52EBFB}</UniqueIdentifier>
      <Extensions>h;hpp;hxx;hm;inl;inc;xsd</Extensions>
    </Filter>
  </ItemGroup>
  <ItemGroup>
    <ClCompile Include="src\pattr.c">
      <Filter>src</Filter>
    </ClCompile>
    <ClCompile Include="src\pstrack.c">
      <Filter>src</Filter>
    </ClCompile>
    <ClCompile Include="src\psys.c">
      <Filter>src</Filter>
    </ClCompile>
    <ClCompile Include="src\psys_gl.c">
      <Filter>src</Filter>
    </ClCompile>
    <ClCompile Include="src\rndval.c">
      <Filter>src</Filter>
    </ClCompile>
  </ItemGroup>
  <ItemGroup>
    <ClInclude Include="src\pattr.h">
      <Filter>include</Filter>
    </ClInclude>
    <ClInclude Include="src\pstrack.h">
      <Filter>include</Filter>
    </ClInclude>
    <ClInclude Include="src\psys.h">
      <Filter>include</Filter>
    </ClInclude>
    <ClInclude Include="src\psys_gl.h">
      <Filter>include</Filter>
    </ClInclude>
    <ClInclude Include="src\rndval.h">
      <Filter>include</Filter>
    </ClInclude>
  </ItemGroup>
</Project>