
Microsoft Visual Studio Solution File, Format Version 12.00
# Visual Studio 14
VisualStudioVersion = 14.0.23107.0
MinimumVisualStudioVersion = 10.0.40219.1
Project("{8BC9CEB8-8B4A-11D0-8D11-00A0C91BC942}") = "libpsys", "libpsys.vcxproj", "{6A19B25B-E1B5-423F-ADA9-446D0FCAFCE3}"
EndProject
Project("{8BC9CEB8-8B4A-11D0-8D11-00A0C91BC942}") = "libpsys_static", "libpsys_static.vcxproj", "{10EE7CE4-81B0-4433-AB41-3B3FCCA1E93E}"
EndProject
Global
	GlobalSection(SolutionConfigurationPlatforms) = preSolution
		Debug|Win32 = Debug|Win32
		Release|Win32 = Release|Win32
	EndGlobalSection
	GlobalSection(ProjectConfigurationPlatforms) = postSolution
		{6A19B25B-E1B5-423F-ADA9-446D0FCAFCE3}.Debug|Win32.ActiveCfg = Debug|Win32
		{6A19B25B-E1B5-423F-ADA9-446D0FCAFCE3}.Debug|Win32.Build.0 = Debug|Win32
		{6A19B25B-E1B5-423F-ADA9-446D0FCAFCE3}.Release|Win32.ActiveCfg = Release|Win32
		{6A19B25B-E1B5-423F-ADA9-446D0FCAFCE3}.Release|Win32.Build.0 = Release|Win32
		{10EE7CE4-81B0-4433-AB41-3B3FCCA1E93E}.Debug|Win32.ActiveCfg = Debug|Win32
		{10EE7CE4-81B0-4433-AB41-3B3FCCA1E93E}.Debug|Win32.Build.0 = Debug|Win32
		{10EE7CE4-81B0-4433-AB41-3B3FCCA1E93E}.Release|Win32.ActiveCfg = Release|Win32
		{10EE7CE4-81B0-4433-AB41-3B3FCCA1E93E}.Release|Win32.Build.0 = Release|Win32
	EndGlobalSection
	GlobalSection(SolutionProperties) = preSolution
		HideSolutionNode = FALSE
	EndGlobalSection
EndGlobal
